
Microsoft Visual Studio Solution File, Format Version 11.00
# Visual Studio 2010
Project("{FAE04EC0-301F-11D3-BF4B-00C04F79EFBC}") = "Assembly-CSharp", "Assembly-CSharp.csproj", "{0C448CB5-0DDC-8FEC-5DEF-6BD0691BA650}"
EndProject
Project("{FAE04EC0-301F-11D3-BF4B-00C04F79EFBC}") = "Assembly-CSharp-firstpass", "Assembly-CSharp-firstpass.csproj", "{767B69BA-2F3E-43E6-53F2-FCF5C8C1D2C4}"
EndProject
Project("{FAE04EC0-301F-11D3-BF4B-00C04F79EFBC}") = "Assembly-CSharp-Editor-firstpass", "Assembly-CSharp-Editor-firstpass.csproj", "{3503F5C9-6B46-2486-9EB0-439A437FFD01}"
EndProject
Project("{FAE04EC0-301F-11D3-BF4B-00C04F79EFBC}") = "Assembly-CSharp-Editor", "Assembly-CSharp-Editor.csproj", "{825311BB-5145-1A7C-99E6-57629873F85F}"
EndProject
Global
	GlobalSection(SolutionConfigurationPlatforms) = preSolution
		Debug|Any CPU = Debug|Any CPU
		Release|Any CPU = Release|Any CPU
	EndGlobalSection
	GlobalSection(ProjectConfigurationPlatforms) = postSolution
		{0C448CB5-0DDC-8FEC-5DEF-6BD0691BA650}.Debug|Any CPU.ActiveCfg = Debug|Any CPU
		{0C448CB5-0DDC-8FEC-5DEF-6BD0691BA650}.Debug|Any CPU.Build.0 = Debug|Any CPU
		{0C448CB5-0DDC-8FEC-5DEF-6BD0691BA650}.Release|Any CPU.ActiveCfg = Release|Any CPU
		{0C448CB5-0DDC-8FEC-5DEF-6BD0691BA650}.Release|Any CPU.Build.0 = Release|Any CPU
		{767B69BA-2F3E-43E6-53F2-FCF5C8C1D2C4}.Debug|Any CPU.ActiveCfg = Debug|Any CPU
		{767B69BA-2F3E-43E6-53F2-FCF5C8C1D2C4}.Debug|Any CPU.Build.0 = Debug|Any CPU
		{767B69BA-2F3E-43E6-53F2-FCF5C8C1D2C4}.Release|Any CPU.ActiveCfg = Release|Any CPU
		{767B69BA-2F3E-43E6-53F2-FCF5C8C1D2C4}.Release|Any CPU.Build.0 = Release|Any CPU
		{3503F5C9-6B46-2486-9EB0-439A437FFD01}.Debug|Any CPU.ActiveCfg = Debug|Any CPU
		{3503F5C9-6B46-2486-9EB0-439A437FFD01}.Debug|Any CPU.Build.0 = Debug|Any CPU
		{3503F5C9-6B46-2486-9EB0-439A437FFD01}.Release|Any CPU.ActiveCfg = Release|Any CPU
		{3503F5C9-6B46-2486-9EB0-439A437FFD01}.Release|Any CPU.Build.0 = Release|Any CPU
		{825311BB-5145-1A7C-99E6-57629873F85F}.Debug|Any CPU.ActiveCfg = Debug|Any CPU
		{825311BB-5145-1A7C-99E6-57629873F85F}.Debug|Any CPU.Build.0 = Debug|Any CPU
		{825311BB-5145-1A7C-99E6-57629873F85F}.Release|Any CPU.ActiveCfg = Release|Any CPU
		{825311BB-5145-1A7C-99E6-57629873F85F}.Release|Any CPU.Build.0 = Release|Any CPU
	EndGlobalSection
	GlobalSection(SolutionProperties) = preSolution
		HideSolutionNode = FALSE
	EndGlobalSection
	GlobalSection(MonoDevelopProperties) = preSolution
		StartupItem = Assembly-CSharp.csproj
	EndGlobalSection
EndGlobal
